
Microsoft Visual Studio Solution File, Format Version 12.00
# Visual Studio Version 17
VisualStudioVersion = 17.1.32328.378
MinimumVisualStudioVersion = 10.0.40219.1
Project("{FAE04EC0-301F-11D3-BF4B-00C04F79EFBC}") = "MinimalAPIDemo", "MinimalAPIDemo\MinimalAPIDemo.csproj", "{2F83787F-6D88-458D-BEBC-BA3C92D3387A}"
EndProject
Global
	GlobalSection(SolutionConfigurationPlatforms) = preSolution
		Debug|Any CPU = Debug|Any CPU
		Release|Any CPU = Release|Any CPU
	EndGlobalSection
	GlobalSection(ProjectConfigurationPlatforms) = postSolution
		{2F83787F-6D88-458D-BEBC-BA3C92D3387A}.Debug|Any CPU.ActiveCfg = Debug|Any CPU
		{2F83787F-6D88-458D-BEBC-BA3C92D3387A}.Debug|Any CPU.Build.0 = Debug|Any CPU
		{2F83787F-6D88-458D-BEBC-BA3C92D3387A}.Release|Any CPU.ActiveCfg = Release|Any CPU
		{2F83787F-6D88-458D-BEBC-BA3C92D3387A}.Release|Any CPU.Build.0 = Release|Any CPU
	EndGlobalSection
	GlobalSection(SolutionProperties) = preSolution
		HideSolutionNode = FALSE
	EndGlobalSection
	GlobalSection(ExtensibilityGlobals) = postSolution
		SolutionGuid = {BC882223-F9FE-4B18-9593-634135EC1847}
	EndGlobalSection
EndGlobal
